
Microsoft Visual Studio Solution File, Format Version 12.00
# Visual Studio Version 16
VisualStudioVersion = 16.0.30523.141
MinimumVisualStudioVersion = 10.0.40219.1
Project("{FAE04EC0-301F-11D3-BF4B-00C04F79EFBC}") = "Mid_Assignment", "Mid_Assignment.csproj", "{97E2B9BD-ABC2-4A2D-9021-B0A8A89F90A6}"
EndProject
Global
	GlobalSection(SolutionConfigurationPlatforms) = preSolution
		Debug|Any CPU = Debug|Any CPU
		Release|Any CPU = Release|Any CPU
	EndGlobalSection
	GlobalSection(ProjectConfigurationPlatforms) = postSolution
		{97E2B9BD-ABC2-4A2D-9021-B0A8A89F90A6}.Debug|Any CPU.ActiveCfg = Debug|Any CPU
		{97E2B9BD-ABC2-4A2D-9021-B0A8A89F90A6}.Debug|Any CPU.Build.0 = Debug|Any CPU
		{97E2B9BD-ABC2-4A2D-9021-B0A8A89F90A6}.Release|Any CPU.ActiveCfg = Release|Any CPU
		{97E2B9BD-ABC2-4A2D-9021-B0A8A89F90A6}.Release|Any CPU.Build.0 = Release|Any CPU
	EndGlobalSection
	GlobalSection(SolutionProperties) = preSolution
		HideSolutionNode = FALSE
	EndGlobalSection
	GlobalSection(ExtensibilityGlobals) = postSolution
		SolutionGuid = {A902C361-6514-4CC8-8B73-39FD093E9280}
	EndGlobalSection
EndGlobal
